
Microsoft Visual Studio Solution File, Format Version 12.00
# Visual Studio 15
VisualStudioVersion = 15.0.28307.489
MinimumVisualStudioVersion = 10.0.40219.1
Project("{FAE04EC0-301F-11D3-BF4B-00C04F79EFBC}") = "List", "List\List.csproj", "{EB3CDB4D-A79C-44AB-894C-EC738A780F66}"
EndProject
Global
	GlobalSection(SolutionConfigurationPlatforms) = preSolution
		Debug|Any CPU = Debug|Any CPU
		Release|Any CPU = Release|Any CPU
	EndGlobalSection
	GlobalSection(ProjectConfigurationPlatforms) = postSolution
		{EB3CDB4D-A79C-44AB-894C-EC738A780F66}.Debug|Any CPU.ActiveCfg = Debug|Any CPU
		{EB3CDB4D-A79C-44AB-894C-EC738A780F66}.Debug|Any CPU.Build.0 = Debug|Any CPU
		{EB3CDB4D-A79C-44AB-894C-EC738A780F66}.Release|Any CPU.ActiveCfg = Release|Any CPU
		{EB3CDB4D-A79C-44AB-894C-EC738A780F66}.Release|Any CPU.Build.0 = Release|Any CPU
	EndGlobalSection
	GlobalSection(SolutionProperties) = preSolution
		HideSolutionNode = FALSE
	EndGlobalSection
	GlobalSection(ExtensibilityGlobals) = postSolution
		SolutionGuid = {B70CB9CF-E2DA-4BAB-8419-1A0BF362DB9A}
	EndGlobalSection
EndGlobal
